
Microsoft Visual Studio Solution File, Format Version 12.00
# Visual Studio Version 16
VisualStudioVersion = 16.0.29806.167
MinimumVisualStudioVersion = 10.0.40219.1
Project("{FAE04EC0-301F-11D3-BF4B-00C04F79EFBC}") = "Todo.Domain", "Todo.Domain\Todo.Domain.csproj", "{CCDA356B-4243-4021-BCEE-512EC5C2512B}"
EndProject
Project("{FAE04EC0-301F-11D3-BF4B-00C04F79EFBC}") = "Todo.Api", "Todo.Api\Todo.Api.csproj", "{D77DDD42-533F-490E-ADFB-CEC90F38C2B5}"
EndProject
Global
	GlobalSection(SolutionConfigurationPlatforms) = preSolution
		Debug|Any CPU = Debug|Any CPU
		Release|Any CPU = Release|Any CPU
	EndGlobalSection
	GlobalSection(ProjectConfigurationPlatforms) = postSolution
		{CCDA356B-4243-4021-BCEE-512EC5C2512B}.Debug|Any CPU.ActiveCfg = Debug|Any CPU
		{CCDA356B-4243-4021-BCEE-512EC5C2512B}.Debug|Any CPU.Build.0 = Debug|Any CPU
		{CCDA356B-4243-4021-BCEE-512EC5C2512B}.Release|Any CPU.ActiveCfg = Release|Any CPU
		{CCDA356B-4243-4021-BCEE-512EC5C2512B}.Release|Any CPU.Build.0 = Release|Any CPU
		{D77DDD42-533F-490E-ADFB-CEC90F38C2B5}.Debug|Any CPU.ActiveCfg = Debug|Any CPU
		{D77DDD42-533F-490E-ADFB-CEC90F38C2B5}.Debug|Any CPU.Build.0 = Debug|Any CPU
		{D77DDD42-533F-490E-ADFB-CEC90F38C2B5}.Release|Any CPU.ActiveCfg = Release|Any CPU
		{D77DDD42-533F-490E-ADFB-CEC90F38C2B5}.Release|Any CPU.Build.0 = Release|Any CPU
	EndGlobalSection
	GlobalSection(SolutionProperties) = preSolution
		HideSolutionNode = FALSE
	EndGlobalSection
	GlobalSection(ExtensibilityGlobals) = postSolution
		SolutionGuid = {FCED5E3B-5C43-4CA6-A4A6-2A30261E095D}
	EndGlobalSection
EndGlobal
